// !$*UTF8*$!
{
	archiveVersion = 1;
	classes = {
	};
	objectVersion = 50;
	objects = {

/* Begin PBXBuildFile section */
		217DE01D590037B324393C8C /* ApiDbScreen.swift in Sources */ = {isa = PBXBuildFile; fileRef = 217DE66EEFF7CBE8F114D34D /* ApiDbScreen.swift */; };
		217DE5254A595A0CDFE3F81A /* ApiSequentialScreen.swift in Sources */ = {isa = PBXBuildFile; fileRef = 217DE6EE57F23D4B217BB70D /* ApiSequentialScreen.swift */; };
		217DE6372CB0387049C217DE /* MainScreen.swift in Sources */ = {isa = PBXBuildFile; fileRef = 217DE0F7F8C5CB9236798A97 /* MainScreen.swift */; };
		217DEA9B23DF153709F3A0F7 /* ApiSingleScreen.swift in Sources */ = {isa = PBXBuildFile; fileRef = 217DEE3B682615044BBE3A02 /* ApiSingleScreen.swift */; };
		217DEB247A45EBC8D97BD27B /* ApiParallelScreen.swift in Sources */ = {isa = PBXBuildFile; fileRef = 217DEF1D1B2544A4B58C0D4C /* ApiParallelScreen.swift */; };
		217DEBC820DDFC41B950C985 /* ModelScreen.swift in Sources */ = {isa = PBXBuildFile; fileRef = 217DEF1824EFAADD3B4276FE /* ModelScreen.swift */; };
		217DEC0BA60581DCCBEC8D29 /* ViewScreen.swift in Sources */ = {isa = PBXBuildFile; fileRef = 217DE5420D87907E024BD89B /* ViewScreen.swift */; };
		217DEF03BF02EF177054BC13 /* Screen.swift in Sources */ = {isa = PBXBuildFile; fileRef = 217DE07307A8043209549F8E /* Screen.swift */; };
		5546F9AB24B7539F00027FD1 /* KotlinApi.framework in Frameworks */ = {isa = PBXBuildFile; fileRef = 5530048D249A76BC00981F3E /* KotlinApi.framework */; };
		5546F9AC24B7539F00027FD1 /* KotlinApi.framework in Embed Frameworks */ = {isa = PBXBuildFile; fileRef = 5530048D249A76BC00981F3E /* KotlinApi.framework */; settings = {ATTRIBUTES = (CodeSignOnCopy, RemoveHeadersOnCopy, ); }; };
		559105F224424C4100ADA03F /* AppDelegate.swift in Sources */ = {isa = PBXBuildFile; fileRef = 559105F124424C4100ADA03F /* AppDelegate.swift */; };
		559105F424424C4100ADA03F /* SceneDelegate.swift in Sources */ = {isa = PBXBuildFile; fileRef = 559105F324424C4100ADA03F /* SceneDelegate.swift */; };
		559105F724424C4100ADA03F /* kotlinIOS.xcdatamodeld in Sources */ = {isa = PBXBuildFile; fileRef = 559105F524424C4100ADA03F /* kotlinIOS.xcdatamodeld */; };
		559105FB24424C4200ADA03F /* Assets.xcassets in Resources */ = {isa = PBXBuildFile; fileRef = 559105FA24424C4200ADA03F /* Assets.xcassets */; };
		559105FE24424C4200ADA03F /* Preview Assets.xcassets in Resources */ = {isa = PBXBuildFile; fileRef = 559105FD24424C4200ADA03F /* Preview Assets.xcassets */; };
		5591060124424C4200ADA03F /* LaunchScreen.storyboard in Resources */ = {isa = PBXBuildFile; fileRef = 559105FF24424C4200ADA03F /* LaunchScreen.storyboard */; };
		5591060C24424C4200ADA03F /* kotlinIOSTests.swift in Sources */ = {isa = PBXBuildFile; fileRef = 5591060B24424C4200ADA03F /* kotlinIOSTests.swift */; };
		5591061724424C4200ADA03F /* kotlinIOSUITests.swift in Sources */ = {isa = PBXBuildFile; fileRef = 5591061624424C4200ADA03F /* kotlinIOSUITests.swift */; };
		55D47FBB24C3427A00BEBA59 /* Localizable.strings in Resources */ = {isa = PBXBuildFile; fileRef = 55D47FB924C3427A00BEBA59 /* Localizable.strings */; };
		55D47FBE24C343D000BEBA59 /* Localizable.swift in Sources */ = {isa = PBXBuildFile; fileRef = 55D47FBD24C343D000BEBA59 /* Localizable.swift */; };
		55D47FC024C42C9400BEBA59 /* ApiPollingScreen.swift in Sources */ = {isa = PBXBuildFile; fileRef = 55D47FBF24C42C9400BEBA59 /* ApiPollingScreen.swift */; };
		55EC719D24B9A5FC0012D64E /* StatusView.swift in Sources */ = {isa = PBXBuildFile; fileRef = 55EC719C24B9A5FC0012D64E /* StatusView.swift */; };
/* End PBXBuildFile section */

/* Begin PBXContainerItemProxy section */
		5591060824424C4200ADA03F /* PBXContainerItemProxy */ = {
			isa = PBXContainerItemProxy;
			containerPortal = 559105E624424C4100ADA03F /* Project object */;
			proxyType = 1;
			remoteGlobalIDString = 559105ED24424C4100ADA03F;
			remoteInfo = kotlinIOS;
		};
		5591061324424C4200ADA03F /* PBXContainerItemProxy */ = {
			isa = PBXContainerItemProxy;
			containerPortal = 559105E624424C4100ADA03F /* Project object */;
			proxyType = 1;
			remoteGlobalIDString = 559105ED24424C4100ADA03F;
			remoteInfo = kotlinIOS;
		};
/* End PBXContainerItemProxy section */

/* Begin PBXCopyFilesBuildPhase section */
		5546F9AD24B7539F00027FD1 /* Embed Frameworks */ = {
			isa = PBXCopyFilesBuildPhase;
			buildActionMask = 2147483647;
			dstPath = "";
			dstSubfolderSpec = 10;
			files = (
				5546F9AC24B7539F00027FD1 /* KotlinApi.framework in Embed Frameworks */,
			);
			name = "Embed Frameworks";
			runOnlyForDeploymentPostprocessing = 0;
		};
/* End PBXCopyFilesBuildPhase section */

/* Begin PBXFileReference section */
		217DE07307A8043209549F8E /* Screen.swift */ = {isa = PBXFileReference; fileEncoding = 4; lastKnownFileType = sourcecode.swift; path = Screen.swift; sourceTree = "<group>"; };
		217DE0F7F8C5CB9236798A97 /* MainScreen.swift */ = {isa = PBXFileReference; fileEncoding = 4; lastKnownFileType = sourcecode.swift; path = MainScreen.swift; sourceTree = "<group>"; };
		217DE5420D87907E024BD89B /* ViewScreen.swift */ = {isa = PBXFileReference; fileEncoding = 4; lastKnownFileType = sourcecode.swift; path = ViewScreen.swift; sourceTree = "<group>"; };
		217DE66EEFF7CBE8F114D34D /* ApiDbScreen.swift */ = {isa = PBXFileReference; fileEncoding = 4; lastKnownFileType = sourcecode.swift; path = ApiDbScreen.swift; sourceTree = "<group>"; };
		217DE6EE57F23D4B217BB70D /* ApiSequentialScreen.swift */ = {isa = PBXFileReference; fileEncoding = 4; lastKnownFileType = sourcecode.swift; path = ApiSequentialScreen.swift; sourceTree = "<group>"; };
		217DEE3B682615044BBE3A02 /* ApiSingleScreen.swift */ = {isa = PBXFileReference; fileEncoding = 4; lastKnownFileType = sourcecode.swift; path = ApiSingleScreen.swift; sourceTree = "<group>"; };
		217DEF1824EFAADD3B4276FE /* ModelScreen.swift */ = {isa = PBXFileReference; fileEncoding = 4; lastKnownFileType = sourcecode.swift; path = ModelScreen.swift; sourceTree = "<group>"; };
		217DEF1D1B2544A4B58C0D4C /* ApiParallelScreen.swift */ = {isa = PBXFileReference; fileEncoding = 4; lastKnownFileType = sourcecode.swift; path = ApiParallelScreen.swift; sourceTree = "<group>"; };
		5530048D249A76BC00981F3E /* KotlinApi.framework */ = {isa = PBXFileReference; lastKnownFileType = wrapper.framework; name = KotlinApi.framework; path = "../sample/build/fat-framework/KotlinApi.framework"; sourceTree = "<group>"; };
		559105EE24424C4100ADA03F /* kotlinIOS.app */ = {isa = PBXFileReference; explicitFileType = wrapper.application; includeInIndex = 0; path = kotlinIOS.app; sourceTree = BUILT_PRODUCTS_DIR; };
		559105F124424C4100ADA03F /* AppDelegate.swift */ = {isa = PBXFileReference; lastKnownFileType = sourcecode.swift; path = AppDelegate.swift; sourceTree = "<group>"; };
		559105F324424C4100ADA03F /* SceneDelegate.swift */ = {isa = PBXFileReference; lastKnownFileType = sourcecode.swift; path = SceneDelegate.swift; sourceTree = "<group>"; };
		559105F624424C4100ADA03F /* kotlinIOS.xcdatamodel */ = {isa = PBXFileReference; lastKnownFileType = wrapper.xcdatamodel; path = kotlinIOS.xcdatamodel; sourceTree = "<group>"; };
		559105FA24424C4200ADA03F /* Assets.xcassets */ = {isa = PBXFileReference; lastKnownFileType = folder.assetcatalog; path = Assets.xcassets; sourceTree = "<group>"; };
		559105FD24424C4200ADA03F /* Preview Assets.xcassets */ = {isa = PBXFileReference; lastKnownFileType = folder.assetcatalog; path = "Preview Assets.xcassets"; sourceTree = "<group>"; };
		5591060024424C4200ADA03F /* Base */ = {isa = PBXFileReference; lastKnownFileType = file.storyboard; name = Base; path = Base.lproj/LaunchScreen.storyboard; sourceTree = "<group>"; };
		5591060224424C4200ADA03F /* Info.plist */ = {isa = PBXFileReference; lastKnownFileType = text.plist.xml; path = Info.plist; sourceTree = "<group>"; };
		5591060724424C4200ADA03F /* kotlinIOSTests.xctest */ = {isa = PBXFileReference; explicitFileType = wrapper.cfbundle; includeInIndex = 0; path = kotlinIOSTests.xctest; sourceTree = BUILT_PRODUCTS_DIR; };
		5591060B24424C4200ADA03F /* kotlinIOSTests.swift */ = {isa = PBXFileReference; lastKnownFileType = sourcecode.swift; path = kotlinIOSTests.swift; sourceTree = "<group>"; };
		5591060D24424C4200ADA03F /* Info.plist */ = {isa = PBXFileReference; lastKnownFileType = text.plist.xml; path = Info.plist; sourceTree = "<group>"; };
		5591061224424C4200ADA03F /* kotlinIOSUITests.xctest */ = {isa = PBXFileReference; explicitFileType = wrapper.cfbundle; includeInIndex = 0; path = kotlinIOSUITests.xctest; sourceTree = BUILT_PRODUCTS_DIR; };
		5591061624424C4200ADA03F /* kotlinIOSUITests.swift */ = {isa = PBXFileReference; lastKnownFileType = sourcecode.swift; path = kotlinIOSUITests.swift; sourceTree = "<group>"; };
		5591061824424C4200ADA03F /* Info.plist */ = {isa = PBXFileReference; lastKnownFileType = text.plist.xml; path = Info.plist; sourceTree = "<group>"; };
		55910625244259C200ADA03F /* KotlinApi.framework */ = {isa = PBXFileReference; lastKnownFileType = wrapper.framework; name = KotlinApi.framework; path = "../../common/build/fat-framework/KotlinApi.framework"; sourceTree = "<group>"; };
		5591062F24425B9200ADA03F /* KotlinApi.framework */ = {isa = PBXFileReference; lastKnownFileType = wrapper.framework; name = KotlinApi.framework; path = "../common/build/fat-framework/KotlinApi.framework"; sourceTree = "<group>"; };
		55D47FBA24C3427A00BEBA59 /* Base */ = {isa = PBXFileReference; lastKnownFileType = text.plist.strings; name = Base; path = kotlinIOS/Base.lproj/Localizable.strings; sourceTree = "<group>"; };
		55D47FBC24C3429400BEBA59 /* ko */ = {isa = PBXFileReference; lastKnownFileType = text.plist.strings; name = ko; path = kotlinIOS/ko.lproj/Localizable.strings; sourceTree = "<group>"; };
		55D47FBD24C343D000BEBA59 /* Localizable.swift */ = {isa = PBXFileReference; lastKnownFileType = sourcecode.swift; path = Localizable.swift; sourceTree = "<group>"; };
		55D47FBF24C42C9400BEBA59 /* ApiPollingScreen.swift */ = {isa = PBXFileReference; lastKnownFileType = sourcecode.swift; path = ApiPollingScreen.swift; sourceTree = "<group>"; };
		55EC719C24B9A5FC0012D64E /* StatusView.swift */ = {isa = PBXFileReference; lastKnownFileType = sourcecode.swift; path = StatusView.swift; sourceTree = "<group>"; };
/* End PBXFileReference section */

/* Begin PBXFrameworksBuildPhase section */
		559105EB24424C4100ADA03F /* Frameworks */ = {
			isa = PBXFrameworksBuildPhase;
			buildActionMask = 2147483647;
			files = (
				5546F9AB24B7539F00027FD1 /* KotlinApi.framework in Frameworks */,
			);
			runOnlyForDeploymentPostprocessing = 0;
		};
		5591060424424C4200ADA03F /* Frameworks */ = {
			isa = PBXFrameworksBuildPhase;
			buildActionMask = 2147483647;
			files = (
			);
			runOnlyForDeploymentPostprocessing = 0;
		};
		5591060F24424C4200ADA03F /* Frameworks */ = {
			isa = PBXFrameworksBuildPhase;
			buildActionMask = 2147483647;
			files = (
			);
			runOnlyForDeploymentPostprocessing = 0;
		};
/* End PBXFrameworksBuildPhase section */

/* Begin PBXGroup section */
		217DE10741337F1B3AEFAB19 /* model */ = {
			isa = PBXGroup;
			children = (
				217DEF1824EFAADD3B4276FE /* ModelScreen.swift */,
				217DE6EE57F23D4B217BB70D /* ApiSequentialScreen.swift */,
				217DEE3B682615044BBE3A02 /* ApiSingleScreen.swift */,
				55D47FBF24C42C9400BEBA59 /* ApiPollingScreen.swift */,
				217DEF1D1B2544A4B58C0D4C /* ApiParallelScreen.swift */,
				217DE66EEFF7CBE8F114D34D /* ApiDbScreen.swift */,
			);
			path = model;
			sourceTree = "<group>";
		};
		217DE988B40143161010BB0B /* view */ = {
			isa = PBXGroup;
			children = (
				217DE10741337F1B3AEFAB19 /* model */,
				217DEE88BF00C36CA4BB1701 /* view */,
				217DE0F7F8C5CB9236798A97 /* MainScreen.swift */,
			);
			path = view;
			sourceTree = "<group>";
		};
		217DEC1EE1072C25820B9664 /* library */ = {
			isa = PBXGroup;
			children = (
				217DE07307A8043209549F8E /* Screen.swift */,
				55EC719C24B9A5FC0012D64E /* StatusView.swift */,
				55D47FBD24C343D000BEBA59 /* Localizable.swift */,
			);
			path = library;
			sourceTree = "<group>";
		};
		217DEE717923577513CF6F77 /* Resources */ = {
			isa = PBXGroup;
			children = (
				55D47FB924C3427A00BEBA59 /* Localizable.strings */,
			);
			path = Resources;
			sourceTree = "<group>";
		};
		217DEE88BF00C36CA4BB1701 /* view */ = {
			isa = PBXGroup;
			children = (
				217DE5420D87907E024BD89B /* ViewScreen.swift */,
			);
			path = view;
			sourceTree = "<group>";
		};
		559105E524424C4100ADA03F = {
			isa = PBXGroup;
			children = (
				559105F024424C4100ADA03F /* kotlinIOS */,
				5591060A24424C4200ADA03F /* kotlinIOSTests */,
				5591061524424C4200ADA03F /* kotlinIOSUITests */,
				559105EF24424C4100ADA03F /* Products */,
				55910624244259C200ADA03F /* Frameworks */,
			);
			sourceTree = "<group>";
		};
		559105EF24424C4100ADA03F /* Products */ = {
			isa = PBXGroup;
			children = (
				559105EE24424C4100ADA03F /* kotlinIOS.app */,
				5591060724424C4200ADA03F /* kotlinIOSTests.xctest */,
				5591061224424C4200ADA03F /* kotlinIOSUITests.xctest */,
			);
			name = Products;
			sourceTree = "<group>";
		};
		559105F024424C4100ADA03F /* kotlinIOS */ = {
			isa = PBXGroup;
			children = (
				559105F124424C4100ADA03F /* AppDelegate.swift */,
				559105F324424C4100ADA03F /* SceneDelegate.swift */,
				559105FA24424C4200ADA03F /* Assets.xcassets */,
				559105FF24424C4200ADA03F /* LaunchScreen.storyboard */,
				5591060224424C4200ADA03F /* Info.plist */,
				559105F524424C4100ADA03F /* kotlinIOS.xcdatamodeld */,
				559105FC24424C4200ADA03F /* Preview Content */,
				217DEE717923577513CF6F77 /* Resources */,
				217DE988B40143161010BB0B /* view */,
				217DEC1EE1072C25820B9664 /* library */,
			);
			path = kotlinIOS;
			sourceTree = "<group>";
		};
		559105FC24424C4200ADA03F /* Preview Content */ = {
			isa = PBXGroup;
			children = (
				559105FD24424C4200ADA03F /* Preview Assets.xcassets */,
			);
			path = "Preview Content";
			sourceTree = "<group>";
		};
		5591060A24424C4200ADA03F /* kotlinIOSTests */ = {
			isa = PBXGroup;
			children = (
				5591060B24424C4200ADA03F /* kotlinIOSTests.swift */,
				5591060D24424C4200ADA03F /* Info.plist */,
			);
			path = kotlinIOSTests;
			sourceTree = "<group>";
		};
		5591061524424C4200ADA03F /* kotlinIOSUITests */ = {
			isa = PBXGroup;
			children = (
				5591061624424C4200ADA03F /* kotlinIOSUITests.swift */,
				5591061824424C4200ADA03F /* Info.plist */,
			);
			path = kotlinIOSUITests;
			sourceTree = "<group>";
		};
		55910624244259C200ADA03F /* Frameworks */ = {
			isa = PBXGroup;
			children = (
				5530048D249A76BC00981F3E /* KotlinApi.framework */,
				5591062F24425B9200ADA03F /* KotlinApi.framework */,
				55910625244259C200ADA03F /* KotlinApi.framework */,
			);
			name = Frameworks;
			sourceTree = "<group>";
		};
/* End PBXGroup section */

/* Begin PBXNativeTarget section */
		559105ED24424C4100ADA03F /* kotlinIOS */ = {
			isa = PBXNativeTarget;
			buildConfigurationList = 5591061B24424C4200ADA03F /* Build configuration list for PBXNativeTarget "kotlinIOS" */;
			buildPhases = (
				5591063324425C1800ADA03F /* Run Script */,
				559105EA24424C4100ADA03F /* Sources */,
				559105EB24424C4100ADA03F /* Frameworks */,
				559105EC24424C4100ADA03F /* Resources */,
				5546F9AD24B7539F00027FD1 /* Embed Frameworks */,
			);
			buildRules = (
			);
			dependencies = (
			);
			name = kotlinIOS;
			productName = kotlinIOS;
			productReference = 559105EE24424C4100ADA03F /* kotlinIOS.app */;
			productType = "com.apple.product-type.application";
		};
		5591060624424C4200ADA03F /* kotlinIOSTests */ = {
			isa = PBXNativeTarget;
			buildConfigurationList = 5591061E24424C4200ADA03F /* Build configuration list for PBXNativeTarget "kotlinIOSTests" */;
			buildPhases = (
				5591060324424C4200ADA03F /* Sources */,
				5591060424424C4200ADA03F /* Frameworks */,
				5591060524424C4200ADA03F /* Resources */,
			);
			buildRules = (
			);
			dependencies = (
				5591060924424C4200ADA03F /* PBXTargetDependency */,
			);
			name = kotlinIOSTests;
			productName = kotlinIOSTests;
			productReference = 5591060724424C4200ADA03F /* kotlinIOSTests.xctest */;
			productType = "com.apple.product-type.bundle.unit-test";
		};
		5591061124424C4200ADA03F /* kotlinIOSUITests */ = {
			isa = PBXNativeTarget;
			buildConfigurationList = 5591062124424C4200ADA03F /* Build configuration list for PBXNativeTarget "kotlinIOSUITests" */;
			buildPhases = (
				5591060E24424C4200ADA03F /* Sources */,
				5591060F24424C4200ADA03F /* Frameworks */,
				5591061024424C4200ADA03F /* Resources */,
			);
			buildRules = (
			);
			dependencies = (
				5591061424424C4200ADA03F /* PBXTargetDependency */,
			);
			name = kotlinIOSUITests;
			productName = kotlinIOSUITests;
			productReference = 5591061224424C4200ADA03F /* kotlinIOSUITests.xctest */;
			productType = "com.apple.product-type.bundle.ui-testing";
		};
/* End PBXNativeTarget section */

/* Begin PBXProject section */
		559105E624424C4100ADA03F /* Project object */ = {
			isa = PBXProject;
			attributes = {
				LastSwiftUpdateCheck = 1120;
				LastUpgradeCheck = 1120;
				ORGANIZATIONNAME = "hyun kim";
				TargetAttributes = {
					559105ED24424C4100ADA03F = {
						CreatedOnToolsVersion = 11.2;
					};
					5591060624424C4200ADA03F = {
						CreatedOnToolsVersion = 11.2;
						TestTargetID = 559105ED24424C4100ADA03F;
					};
					5591061124424C4200ADA03F = {
						CreatedOnToolsVersion = 11.2;
						TestTargetID = 559105ED24424C4100ADA03F;
					};
				};
			};
			buildConfigurationList = 559105E924424C4100ADA03F /* Build configuration list for PBXProject "kotlinIOS" */;
			compatibilityVersion = "Xcode 9.3";
			developmentRegion = en;
			hasScannedForEncodings = 0;
			knownRegions = (
				en,
				Base,
				ko,
			);
			mainGroup = 559105E524424C4100ADA03F;
			productRefGroup = 559105EF24424C4100ADA03F /* Products */;
			projectDirPath = "";
			projectRoot = "";
			targets = (
				559105ED24424C4100ADA03F /* kotlinIOS */,
				5591060624424C4200ADA03F /* kotlinIOSTests */,
				5591061124424C4200ADA03F /* kotlinIOSUITests */,
			);
		};
/* End PBXProject section */

/* Begin PBXResourcesBuildPhase section */
		559105EC24424C4100ADA03F /* Resources */ = {
			isa = PBXResourcesBuildPhase;
			buildActionMask = 2147483647;
			files = (
				5591060124424C4200ADA03F /* LaunchScreen.storyboard in Resources */,
				55D47FBB24C3427A00BEBA59 /* Localizable.strings in Resources */,
				559105FE24424C4200ADA03F /* Preview Assets.xcassets in Resources */,
				559105FB24424C4200ADA03F /* Assets.xcassets in Resources */,
			);
			runOnlyForDeploymentPostprocessing = 0;
		};
		5591060524424C4200ADA03F /* Resources */ = {
			isa = PBXResourcesBuildPhase;
			buildActionMask = 2147483647;
			files = (
			);
			runOnlyForDeploymentPostprocessing = 0;
		};
		5591061024424C4200ADA03F /* Resources */ = {
			isa = PBXResourcesBuildPhase;
			buildActionMask = 2147483647;
			files = (
			);
			runOnlyForDeploymentPostprocessing = 0;
		};
/* End PBXResourcesBuildPhase section */

/* Begin PBXShellScriptBuildPhase section */
		5591063324425C1800ADA03F /* Run Script */ = {
			isa = PBXShellScriptBuildPhase;
			buildActionMask = 2147483647;
			files = (
			);
			inputFileListPaths = (
			);
			inputPaths = (
			);
			name = "Run Script";
			outputFileListPaths = (
			);
			outputPaths = (
			);
			runOnlyForDeploymentPostprocessing = 0;
			shellPath = /bin/sh;
			shellScript = "# Type a script or drag a script file from your workspace to insert its path.\ncd \"$SRCROOT/..\"\nif [ \"${CONFIGURATION}\" = \"Release\" ]; then\n    ./gradlew releaseFatFramework\nelse\n    ./gradlew debugFatFramework\nfi\n";
		};
/* End PBXShellScriptBuildPhase section */

/* Begin PBXSourcesBuildPhase section */
		559105EA24424C4100ADA03F /* Sources */ = {
			isa = PBXSourcesBuildPhase;
			buildActionMask = 2147483647;
			files = (
				55D47FC024C42C9400BEBA59 /* ApiPollingScreen.swift in Sources */,
				55D47FBE24C343D000BEBA59 /* Localizable.swift in Sources */,
				559105F224424C4100ADA03F /* AppDelegate.swift in Sources */,
				559105F724424C4100ADA03F /* kotlinIOS.xcdatamodeld in Sources */,
				559105F424424C4100ADA03F /* SceneDelegate.swift in Sources */,
				217DEBC820DDFC41B950C985 /* ModelScreen.swift in Sources */,
				217DEC0BA60581DCCBEC8D29 /* ViewScreen.swift in Sources */,
				55EC719D24B9A5FC0012D64E /* StatusView.swift in Sources */,
				217DE6372CB0387049C217DE /* MainScreen.swift in Sources */,
				217DEA9B23DF153709F3A0F7 /* ApiSingleScreen.swift in Sources */,
				217DE5254A595A0CDFE3F81A /* ApiSequentialScreen.swift in Sources */,
				217DEF03BF02EF177054BC13 /* Screen.swift in Sources */,
				217DEB247A45EBC8D97BD27B /* ApiParallelScreen.swift in Sources */,
				217DE01D590037B324393C8C /* ApiDbScreen.swift in Sources */,
			);
			runOnlyForDeploymentPostprocessing = 0;
		};
		5591060324424C4200ADA03F /* Sources */ = {
			isa = PBXSourcesBuildPhase;
			buildActionMask = 2147483647;
			files = (
				5591060C24424C4200ADA03F /* kotlinIOSTests.swift in Sources */,
			);
			runOnlyForDeploymentPostprocessing = 0;
		};
		5591060E24424C4200ADA03F /* Sources */ = {
			isa = PBXSourcesBuildPhase;
			buildActionMask = 2147483647;
			files = (
				5591061724424C4200ADA03F /* kotlinIOSUITests.swift in Sources */,
			);
			runOnlyForDeploymentPostprocessing = 0;
		};
/* End PBXSourcesBuildPhase section */

/* Begin PBXTargetDependency section */
		5591060924424C4200ADA03F /* PBXTargetDependency */ = {
			isa = PBXTargetDependency;
			target = 559105ED24424C4100ADA03F /* kotlinIOS */;
			targetProxy = 5591060824424C4200ADA03F /* PBXContainerItemProxy */;
		};
		5591061424424C4200ADA03F /* PBXTargetDependency */ = {
			isa = PBXTargetDependency;
			target = 559105ED24424C4100ADA03F /* kotlinIOS */;
			targetProxy = 5591061324424C4200ADA03F /* PBXContainerItemProxy */;
		};
/* End PBXTargetDependency section */

/* Begin PBXVariantGroup section */
		559105FF24424C4200ADA03F /* LaunchScreen.storyboard */ = {
			isa = PBXVariantGroup;
			children = (
				5591060024424C4200ADA03F /* Base */,
			);
			name = LaunchScreen.storyboard;
			sourceTree = "<group>";
		};
		55D47FB924C3427A00BEBA59 /* Localizable.strings */ = {
			isa = PBXVariantGroup;
			children = (
				55D47FBA24C3427A00BEBA59 /* Base */,
				55D47FBC24C3429400BEBA59 /* ko */,
			);
			name = Localizable.strings;
			sourceTree = "<group>";
		};
/* End PBXVariantGroup section */

/* Begin XCBuildConfiguration section */
		5591061924424C4200ADA03F /* Debug */ = {
			isa = XCBuildConfiguration;
			buildSettings = {
				ALWAYS_SEARCH_USER_PATHS = NO;
				CLANG_ANALYZER_LOCALIZABILITY_NONLOCALIZED = YES;
				CLANG_ANALYZER_NONNULL = YES;
				CLANG_ANALYZER_NUMBER_OBJECT_CONVERSION = YES_AGGRESSIVE;
				CLANG_CXX_LANGUAGE_STANDARD = "gnu++14";
				CLANG_CXX_LIBRARY = "libc++";
				CLANG_ENABLE_MODULES = YES;
				CLANG_ENABLE_OBJC_ARC = YES;
				CLANG_ENABLE_OBJC_WEAK = YES;
				CLANG_WARN_BLOCK_CAPTURE_AUTORELEASING = YES;
				CLANG_WARN_BOOL_CONVERSION = YES;
				CLANG_WARN_COMMA = YES;
				CLANG_WARN_CONSTANT_CONVERSION = YES;
				CLANG_WARN_DEPRECATED_OBJC_IMPLEMENTATIONS = YES;
				CLANG_WARN_DIRECT_OBJC_ISA_USAGE = YES_ERROR;
				CLANG_WARN_DOCUMENTATION_COMMENTS = YES;
				CLANG_WARN_EMPTY_BODY = YES;
				CLANG_WARN_ENUM_CONVERSION = YES;
				CLANG_WARN_INFINITE_RECURSION = YES;
				CLANG_WARN_INT_CONVERSION = YES;
				CLANG_WARN_NON_LITERAL_NULL_CONVERSION = YES;
				CLANG_WARN_OBJC_IMPLICIT_RETAIN_SELF = YES;
				CLANG_WARN_OBJC_LITERAL_CONVERSION = YES;
				CLANG_WARN_OBJC_ROOT_CLASS = YES_ERROR;
				CLANG_WARN_RANGE_LOOP_ANALYSIS = YES;
				CLANG_WARN_STRICT_PROTOTYPES = YES;
				CLANG_WARN_SUSPICIOUS_MOVE = YES;
				CLANG_WARN_UNGUARDED_AVAILABILITY = YES_AGGRESSIVE;
				CLANG_WARN_UNREACHABLE_CODE = YES;
				CLANG_WARN__DUPLICATE_METHOD_MATCH = YES;
				COPY_PHASE_STRIP = NO;
				DEBUG_INFORMATION_FORMAT = dwarf;
				ENABLE_STRICT_OBJC_MSGSEND = YES;
				ENABLE_TESTABILITY = YES;
				GCC_C_LANGUAGE_STANDARD = gnu11;
				GCC_DYNAMIC_NO_PIC = NO;
				GCC_NO_COMMON_BLOCKS = YES;
				GCC_OPTIMIZATION_LEVEL = 0;
				GCC_PREPROCESSOR_DEFINITIONS = (
					"DEBUG=1",
					"$(inherited)",
				);
				GCC_WARN_64_TO_32_BIT_CONVERSION = YES;
				GCC_WARN_ABOUT_RETURN_TYPE = YES_ERROR;
				GCC_WARN_UNDECLARED_SELECTOR = YES;
				GCC_WARN_UNINITIALIZED_AUTOS = YES_AGGRESSIVE;
				GCC_WARN_UNUSED_FUNCTION = YES;
				GCC_WARN_UNUSED_VARIABLE = YES;
				IPHONEOS_DEPLOYMENT_TARGET = 13.2;
				MTL_ENABLE_DEBUG_INFO = INCLUDE_SOURCE;
				MTL_FAST_MATH = YES;
				ONLY_ACTIVE_ARCH = YES;
				SDKROOT = iphoneos;
				SWIFT_ACTIVE_COMPILATION_CONDITIONS = DEBUG;
				SWIFT_OPTIMIZATION_LEVEL = "-Onone";
			};
			name = Debug;
		};
		5591061A24424C4200ADA03F /* Release */ = {
			isa = XCBuildConfiguration;
			buildSettings = {
				ALWAYS_SEARCH_USER_PATHS = NO;
				CLANG_ANALYZER_LOCALIZABILITY_NONLOCALIZED = YES;
				CLANG_ANALYZER_NONNULL = YES;
				CLANG_ANALYZER_NUMBER_OBJECT_CONVERSION = YES_AGGRESSIVE;
				CLANG_CXX_LANGUAGE_STANDARD = "gnu++14";
				CLANG_CXX_LIBRARY = "libc++";
				CLANG_ENABLE_MODULES = YES;
				CLANG_ENABLE_OBJC_ARC = YES;
				CLANG_ENABLE_OBJC_WEAK = YES;
				CLANG_WARN_BLOCK_CAPTURE_AUTORELEASING = YES;
				CLANG_WARN_BOOL_CONVERSION = YES;
				CLANG_WARN_COMMA = YES;
				CLANG_WARN_CONSTANT_CONVERSION = YES;
				CLANG_WARN_DEPRECATED_OBJC_IMPLEMENTATIONS = YES;
				CLANG_WARN_DIRECT_OBJC_ISA_USAGE = YES_ERROR;
				CLANG_WARN_DOCUMENTATION_COMMENTS = YES;
				CLANG_WARN_EMPTY_BODY = YES;
				CLANG_WARN_ENUM_CONVERSION = YES;
				CLANG_WARN_INFINITE_RECURSION = YES;
				CLANG_WARN_INT_CONVERSION = YES;
				CLANG_WARN_NON_LITERAL_NULL_CONVERSION = YES;
				CLANG_WARN_OBJC_IMPLICIT_RETAIN_SELF = YES;
				CLANG_WARN_OBJC_LITERAL_CONVERSION = YES;
				CLANG_WARN_OBJC_ROOT_CLASS = YES_ERROR;
				CLANG_WARN_RANGE_LOOP_ANALYSIS = YES;
				CLANG_WARN_STRICT_PROTOTYPES = YES;
				CLANG_WARN_SUSPICIOUS_MOVE = YES;
				CLANG_WARN_UNGUARDED_AVAILABILITY = YES_AGGRESSIVE;
				CLANG_WARN_UNREACHABLE_CODE = YES;
				CLANG_WARN__DUPLICATE_METHOD_MATCH = YES;
				COPY_PHASE_STRIP = NO;
				DEBUG_INFORMATION_FORMAT = "dwarf-with-dsym";
				ENABLE_NS_ASSERTIONS = NO;
				ENABLE_STRICT_OBJC_MSGSEND = YES;
				GCC_C_LANGUAGE_STANDARD = gnu11;
				GCC_NO_COMMON_BLOCKS = YES;
				GCC_WARN_64_TO_32_BIT_CONVERSION = YES;
				GCC_WARN_ABOUT_RETURN_TYPE = YES_ERROR;
				GCC_WARN_UNDECLARED_SELECTOR = YES;
				GCC_WARN_UNINITIALIZED_AUTOS = YES_AGGRESSIVE;
				GCC_WARN_UNUSED_FUNCTION = YES;
				GCC_WARN_UNUSED_VARIABLE = YES;
				IPHONEOS_DEPLOYMENT_TARGET = 13.2;
				MTL_ENABLE_DEBUG_INFO = NO;
				MTL_FAST_MATH = YES;
				SDKROOT = iphoneos;
				SWIFT_COMPILATION_MODE = wholemodule;
				SWIFT_OPTIMIZATION_LEVEL = "-O";
				VALIDATE_PRODUCT = YES;
			};
			name = Release;
		};
		5591061C24424C4200ADA03F /* Debug */ = {
			isa = XCBuildConfiguration;
			buildSettings = {
				ASSETCATALOG_COMPILER_APPICON_NAME = AppIcon;
				CODE_SIGN_STYLE = Automatic;
				DEVELOPMENT_ASSET_PATHS = "\"kotlinIOS/Preview Content\"";
				DEVELOPMENT_TEAM = GXBZ28WR2M;
				ENABLE_PREVIEWS = YES;
				FRAMEWORK_SEARCH_PATHS = "../sample/build/fat-framework";
				INFOPLIST_FILE = kotlinIOS/Info.plist;
				LD_RUNPATH_SEARCH_PATHS = (
					"$(inherited)",
					"@executable_path/Frameworks",
				);
				PRODUCT_BUNDLE_IDENTIFIER = kim.jeonghyeon.kotlinIOS;
				PRODUCT_NAME = "$(TARGET_NAME)";
				SWIFT_VERSION = 5.0;
				TARGETED_DEVICE_FAMILY = "1,2";
			};
			name = Debug;
		};
		5591061D24424C4200ADA03F /* Release */ = {
			isa = XCBuildConfiguration;
			buildSettings = {
				ASSETCATALOG_COMPILER_APPICON_NAME = AppIcon;
				CODE_SIGN_STYLE = Automatic;
				DEVELOPMENT_ASSET_PATHS = "\"kotlinIOS/Preview Content\"";
				DEVELOPMENT_TEAM = GXBZ28WR2M;
				ENABLE_PREVIEWS = YES;
				FRAMEWORK_SEARCH_PATHS = "../sample/build/fat-framework";
				INFOPLIST_FILE = kotlinIOS/Info.plist;
				LD_RUNPATH_SEARCH_PATHS = (
					"$(inherited)",
					"@executable_path/Frameworks",
				);
				PRODUCT_BUNDLE_IDENTIFIER = kim.jeonghyeon.kotlinIOS;
				PRODUCT_NAME = "$(TARGET_NAME)";
				SWIFT_VERSION = 5.0;
				TARGETED_DEVICE_FAMILY = "1,2";
			};
			name = Release;
		};
		5591061F24424C4200ADA03F /* Debug */ = {
			isa = XCBuildConfiguration;
			buildSettings = {
				ALWAYS_EMBED_SWIFT_STANDARD_LIBRARIES = YES;
				BUNDLE_LOADER = "$(TEST_HOST)";
				CODE_SIGN_STYLE = Automatic;
				DEVELOPMENT_TEAM = GXBZ28WR2M;
				INFOPLIST_FILE = kotlinIOSTests/Info.plist;
				IPHONEOS_DEPLOYMENT_TARGET = 13.2;
				LD_RUNPATH_SEARCH_PATHS = (
					"$(inherited)",
					"@executable_path/Frameworks",
					"@loader_path/Frameworks",
				);
				PRODUCT_BUNDLE_IDENTIFIER = kim.jeonghyeon.kotlinIOSTests;
				PRODUCT_NAME = "$(TARGET_NAME)";
				SWIFT_VERSION = 5.0;
				TARGETED_DEVICE_FAMILY = "1,2";
				TEST_HOST = "$(BUILT_PRODUCTS_DIR)/kotlinIOS.app/kotlinIOS";
			};
			name = Debug;
		};
		5591062024424C4200ADA03F /* Release */ = {
			isa = XCBuildConfiguration;
			buildSettings = {
				ALWAYS_EMBED_SWIFT_STANDARD_LIBRARIES = YES;
				BUNDLE_LOADER = "$(TEST_HOST)";
				CODE_SIGN_STYLE = Automatic;
				DEVELOPMENT_TEAM = GXBZ28WR2M;
				INFOPLIST_FILE = kotlinIOSTests/Info.plist;
				IPHONEOS_DEPLOYMENT_TARGET = 13.2;
				LD_RUNPATH_SEARCH_PATHS = (
					"$(inherited)",
					"@executable_path/Frameworks",
					"@loader_path/Frameworks",
				);
				PRODUCT_BUNDLE_IDENTIFIER = kim.jeonghyeon.kotlinIOSTests;
				PRODUCT_NAME = "$(TARGET_NAME)";
				SWIFT_VERSION = 5.0;
				TARGETED_DEVICE_FAMILY = "1,2";
				TEST_HOST = "$(BUILT_PRODUCTS_DIR)/kotlinIOS.app/kotlinIOS";
			};
			name = Release;
		};
		5591062224424C4200ADA03F /* Debug */ = {
			isa = XCBuildConfiguration;
			buildSettings = {
				ALWAYS_EMBED_SWIFT_STANDARD_LIBRARIES = YES;
				CODE_SIGN_STYLE = Automatic;
				DEVELOPMENT_TEAM = GXBZ28WR2M;
				INFOPLIST_FILE = kotlinIOSUITests/Info.plist;
				LD_RUNPATH_SEARCH_PATHS = (
					"$(inherited)",
					"@executable_path/Frameworks",
					"@loader_path/Frameworks",
				);
				PRODUCT_BUNDLE_IDENTIFIER = kim.jeonghyeon.kotlinIOSUITests;
				PRODUCT_NAME = "$(TARGET_NAME)";
				SWIFT_VERSION = 5.0;
				TARGETED_DEVICE_FAMILY = "1,2";
				TEST_TARGET_NAME = kotlinIOS;
			};
			name = Debug;
		};
		5591062324424C4200ADA03F /* Release */ = {
			isa = XCBuildConfiguration;
			buildSettings = {
				ALWAYS_EMBED_SWIFT_STANDARD_LIBRARIES = YES;
				CODE_SIGN_STYLE = Automatic;
				DEVELOPMENT_TEAM = GXBZ28WR2M;
				INFOPLIST_FILE = kotlinIOSUITests/Info.plist;
				LD_RUNPATH_SEARCH_PATHS = (
					"$(inherited)",
					"@executable_path/Frameworks",
					"@loader_path/Frameworks",
				);
				PRODUCT_BUNDLE_IDENTIFIER = kim.jeonghyeon.kotlinIOSUITests;
				PRODUCT_NAME = "$(TARGET_NAME)";
				SWIFT_VERSION = 5.0;
				TARGETED_DEVICE_FAMILY = "1,2";
				TEST_TARGET_NAME = kotlinIOS;
			};
			name = Release;
		};
/* End XCBuildConfiguration section */

/* Begin XCConfigurationList section */
		559105E924424C4100ADA03F /* Build configuration list for PBXProject "kotlinIOS" */ = {
			isa = XCConfigurationList;
			buildConfigurations = (
				5591061924424C4200ADA03F /* Debug */,
				5591061A24424C4200ADA03F /* Release */,
			);
			defaultConfigurationIsVisible = 0;
			defaultConfigurationName = Release;
		};
		5591061B24424C4200ADA03F /* Build configuration list for PBXNativeTarget "kotlinIOS" */ = {
			isa = XCConfigurationList;
			buildConfigurations = (
				5591061C24424C4200ADA03F /* Debug */,
				5591061D24424C4200ADA03F /* Release */,
			);
			defaultConfigurationIsVisible = 0;
			defaultConfigurationName = Release;
		};
		5591061E24424C4200ADA03F /* Build configuration list for PBXNativeTarget "kotlinIOSTests" */ = {
			isa = XCConfigurationList;
			buildConfigurations = (
				5591061F24424C4200ADA03F /* Debug */,
				5591062024424C4200ADA03F /* Release */,
			);
			defaultConfigurationIsVisible = 0;
			defaultConfigurationName = Release;
		};
		5591062124424C4200ADA03F /* Build configuration list for PBXNativeTarget "kotlinIOSUITests" */ = {
			isa = XCConfigurationList;
			buildConfigurations = (
				5591062224424C4200ADA03F /* Debug */,
				5591062324424C4200ADA03F /* Release */,
			);
			defaultConfigurationIsVisible = 0;
			defaultConfigurationName = Release;
		};
/* End XCConfigurationList section */

/* Begin XCVersionGroup section */
		559105F524424C4100ADA03F /* kotlinIOS.xcdatamodeld */ = {
			isa = XCVersionGroup;
			children = (
				559105F624424C4100ADA03F /* kotlinIOS.xcdatamodel */,
			);
			currentVersion = 559105F624424C4100ADA03F /* kotlinIOS.xcdatamodel */;
			path = kotlinIOS.xcdatamodeld;
			sourceTree = "<group>";
			versionGroupType = wrapper.xcdatamodel;
		};
/* End XCVersionGroup section */
	};
	rootObject = 559105E624424C4100ADA03F /* Project object */;
}
