// !$*UTF8*$!
{
	archiveVersion = 1;
	classes = {
	};
	objectVersion = 50;
	objects = {

/* Begin PBXBuildFile section */
		55954D5224B1DC3400EB0BCF /* AppDelegate.swift in Sources */ = {isa = PBXBuildFile; fileRef = 55954D5124B1DC3400EB0BCF /* AppDelegate.swift */; };
		55954D5424B1DC3400EB0BCF /* SceneDelegate.swift in Sources */ = {isa = PBXBuildFile; fileRef = 55954D5324B1DC3400EB0BCF /* SceneDelegate.swift */; };
		55954D5724B1DC3400EB0BCF /* test11.xcdatamodeld in Sources */ = {isa = PBXBuildFile; fileRef = 55954D5524B1DC3400EB0BCF /* test11.xcdatamodeld */; };
		55954D5924B1DC3400EB0BCF /* ContentView.swift in Sources */ = {isa = PBXBuildFile; fileRef = 55954D5824B1DC3400EB0BCF /* ContentView.swift */; };
		55954D5B24B1DC3800EB0BCF /* Assets.xcassets in Resources */ = {isa = PBXBuildFile; fileRef = 55954D5A24B1DC3800EB0BCF /* Assets.xcassets */; };
		55954D5E24B1DC3800EB0BCF /* Preview Assets.xcassets in Resources */ = {isa = PBXBuildFile; fileRef = 55954D5D24B1DC3800EB0BCF /* Preview Assets.xcassets */; };
		55954D6124B1DC3800EB0BCF /* LaunchScreen.storyboard in Resources */ = {isa = PBXBuildFile; fileRef = 55954D5F24B1DC3800EB0BCF /* LaunchScreen.storyboard */; };
		55954D6C24B1DC3900EB0BCF /* test11Tests.swift in Sources */ = {isa = PBXBuildFile; fileRef = 55954D6B24B1DC3900EB0BCF /* test11Tests.swift */; };
		55954D7724B1DC3900EB0BCF /* test11UITests.swift in Sources */ = {isa = PBXBuildFile; fileRef = 55954D7624B1DC3900EB0BCF /* test11UITests.swift */; };
		55954D8624B1DC6B00EB0BCF /* KotlinApi.framework in Frameworks */ = {isa = PBXBuildFile; fileRef = 55954D8524B1DC6B00EB0BCF /* KotlinApi.framework */; };
		55954D8724B1DC6B00EB0BCF /* KotlinApi.framework in Embed Frameworks */ = {isa = PBXBuildFile; fileRef = 55954D8524B1DC6B00EB0BCF /* KotlinApi.framework */; settings = {ATTRIBUTES = (CodeSignOnCopy, RemoveHeadersOnCopy, ); }; };
/* End PBXBuildFile section */

/* Begin PBXContainerItemProxy section */
		55954D6824B1DC3900EB0BCF /* PBXContainerItemProxy */ = {
			isa = PBXContainerItemProxy;
			containerPortal = 55954D4624B1DC3400EB0BCF /* Project object */;
			proxyType = 1;
			remoteGlobalIDString = 55954D4D24B1DC3400EB0BCF;
			remoteInfo = test11;
		};
		55954D7324B1DC3900EB0BCF /* PBXContainerItemProxy */ = {
			isa = PBXContainerItemProxy;
			containerPortal = 55954D4624B1DC3400EB0BCF /* Project object */;
			proxyType = 1;
			remoteGlobalIDString = 55954D4D24B1DC3400EB0BCF;
			remoteInfo = test11;
		};
/* End PBXContainerItemProxy section */

/* Begin PBXCopyFilesBuildPhase section */
		55954D8824B1DC6B00EB0BCF /* Embed Frameworks */ = {
			isa = PBXCopyFilesBuildPhase;
			buildActionMask = 2147483647;
			dstPath = "";
			dstSubfolderSpec = 10;
			files = (
				55954D8724B1DC6B00EB0BCF /* KotlinApi.framework in Embed Frameworks */,
			);
			name = "Embed Frameworks";
			runOnlyForDeploymentPostprocessing = 0;
		};
/* End PBXCopyFilesBuildPhase section */

/* Begin PBXFileReference section */
		55954D4E24B1DC3400EB0BCF /* test11.app */ = {isa = PBXFileReference; explicitFileType = wrapper.application; includeInIndex = 0; path = test11.app; sourceTree = BUILT_PRODUCTS_DIR; };
		55954D5124B1DC3400EB0BCF /* AppDelegate.swift */ = {isa = PBXFileReference; lastKnownFileType = sourcecode.swift; path = AppDelegate.swift; sourceTree = "<group>"; };
		55954D5324B1DC3400EB0BCF /* SceneDelegate.swift */ = {isa = PBXFileReference; lastKnownFileType = sourcecode.swift; path = SceneDelegate.swift; sourceTree = "<group>"; };
		55954D5624B1DC3400EB0BCF /* test11.xcdatamodel */ = {isa = PBXFileReference; lastKnownFileType = wrapper.xcdatamodel; path = test11.xcdatamodel; sourceTree = "<group>"; };
		55954D5824B1DC3400EB0BCF /* ContentView.swift */ = {isa = PBXFileReference; lastKnownFileType = sourcecode.swift; path = ContentView.swift; sourceTree = "<group>"; };
		55954D5A24B1DC3800EB0BCF /* Assets.xcassets */ = {isa = PBXFileReference; lastKnownFileType = folder.assetcatalog; path = Assets.xcassets; sourceTree = "<group>"; };
		55954D5D24B1DC3800EB0BCF /* Preview Assets.xcassets */ = {isa = PBXFileReference; lastKnownFileType = folder.assetcatalog; path = "Preview Assets.xcassets"; sourceTree = "<group>"; };
		55954D6024B1DC3800EB0BCF /* Base */ = {isa = PBXFileReference; lastKnownFileType = file.storyboard; name = Base; path = Base.lproj/LaunchScreen.storyboard; sourceTree = "<group>"; };
		55954D6224B1DC3800EB0BCF /* Info.plist */ = {isa = PBXFileReference; lastKnownFileType = text.plist.xml; path = Info.plist; sourceTree = "<group>"; };
		55954D6724B1DC3900EB0BCF /* test11Tests.xctest */ = {isa = PBXFileReference; explicitFileType = wrapper.cfbundle; includeInIndex = 0; path = test11Tests.xctest; sourceTree = BUILT_PRODUCTS_DIR; };
		55954D6B24B1DC3900EB0BCF /* test11Tests.swift */ = {isa = PBXFileReference; lastKnownFileType = sourcecode.swift; path = test11Tests.swift; sourceTree = "<group>"; };
		55954D6D24B1DC3900EB0BCF /* Info.plist */ = {isa = PBXFileReference; lastKnownFileType = text.plist.xml; path = Info.plist; sourceTree = "<group>"; };
		55954D7224B1DC3900EB0BCF /* test11UITests.xctest */ = {isa = PBXFileReference; explicitFileType = wrapper.cfbundle; includeInIndex = 0; path = test11UITests.xctest; sourceTree = BUILT_PRODUCTS_DIR; };
		55954D7624B1DC3900EB0BCF /* test11UITests.swift */ = {isa = PBXFileReference; lastKnownFileType = sourcecode.swift; path = test11UITests.swift; sourceTree = "<group>"; };
		55954D7824B1DC3900EB0BCF /* Info.plist */ = {isa = PBXFileReference; lastKnownFileType = text.plist.xml; path = Info.plist; sourceTree = "<group>"; };
		55954D8524B1DC6B00EB0BCF /* KotlinApi.framework */ = {isa = PBXFileReference; lastKnownFileType = wrapper.framework; name = KotlinApi.framework; path = "../../sample/build/fat-framework/KotlinApi.framework"; sourceTree = "<group>"; };
/* End PBXFileReference section */

/* Begin PBXFrameworksBuildPhase section */
		55954D4B24B1DC3400EB0BCF /* Frameworks */ = {
			isa = PBXFrameworksBuildPhase;
			buildActionMask = 2147483647;
			files = (
				55954D8624B1DC6B00EB0BCF /* KotlinApi.framework in Frameworks */,
			);
			runOnlyForDeploymentPostprocessing = 0;
		};
		55954D6424B1DC3900EB0BCF /* Frameworks */ = {
			isa = PBXFrameworksBuildPhase;
			buildActionMask = 2147483647;
			files = (
			);
			runOnlyForDeploymentPostprocessing = 0;
		};
		55954D6F24B1DC3900EB0BCF /* Frameworks */ = {
			isa = PBXFrameworksBuildPhase;
			buildActionMask = 2147483647;
			files = (
			);
			runOnlyForDeploymentPostprocessing = 0;
		};
/* End PBXFrameworksBuildPhase section */

/* Begin PBXGroup section */
		55954D4524B1DC3400EB0BCF = {
			isa = PBXGroup;
			children = (
				55954D5024B1DC3400EB0BCF /* test11 */,
				55954D6A24B1DC3900EB0BCF /* test11Tests */,
				55954D7524B1DC3900EB0BCF /* test11UITests */,
				55954D4F24B1DC3400EB0BCF /* Products */,
				55954D8424B1DC6B00EB0BCF /* Frameworks */,
			);
			sourceTree = "<group>";
		};
		55954D4F24B1DC3400EB0BCF /* Products */ = {
			isa = PBXGroup;
			children = (
				55954D4E24B1DC3400EB0BCF /* test11.app */,
				55954D6724B1DC3900EB0BCF /* test11Tests.xctest */,
				55954D7224B1DC3900EB0BCF /* test11UITests.xctest */,
			);
			name = Products;
			sourceTree = "<group>";
		};
		55954D5024B1DC3400EB0BCF /* test11 */ = {
			isa = PBXGroup;
			children = (
				55954D5124B1DC3400EB0BCF /* AppDelegate.swift */,
				55954D5324B1DC3400EB0BCF /* SceneDelegate.swift */,
				55954D5824B1DC3400EB0BCF /* ContentView.swift */,
				55954D5A24B1DC3800EB0BCF /* Assets.xcassets */,
				55954D5F24B1DC3800EB0BCF /* LaunchScreen.storyboard */,
				55954D6224B1DC3800EB0BCF /* Info.plist */,
				55954D5524B1DC3400EB0BCF /* test11.xcdatamodeld */,
				55954D5C24B1DC3800EB0BCF /* Preview Content */,
			);
			path = test11;
			sourceTree = "<group>";
		};
		55954D5C24B1DC3800EB0BCF /* Preview Content */ = {
			isa = PBXGroup;
			children = (
				55954D5D24B1DC3800EB0BCF /* Preview Assets.xcassets */,
			);
			path = "Preview Content";
			sourceTree = "<group>";
		};
		55954D6A24B1DC3900EB0BCF /* test11Tests */ = {
			isa = PBXGroup;
			children = (
				55954D6B24B1DC3900EB0BCF /* test11Tests.swift */,
				55954D6D24B1DC3900EB0BCF /* Info.plist */,
			);
			path = test11Tests;
			sourceTree = "<group>";
		};
		55954D7524B1DC3900EB0BCF /* test11UITests */ = {
			isa = PBXGroup;
			children = (
				55954D7624B1DC3900EB0BCF /* test11UITests.swift */,
				55954D7824B1DC3900EB0BCF /* Info.plist */,
			);
			path = test11UITests;
			sourceTree = "<group>";
		};
		55954D8424B1DC6B00EB0BCF /* Frameworks */ = {
			isa = PBXGroup;
			children = (
				55954D8524B1DC6B00EB0BCF /* KotlinApi.framework */,
			);
			name = Frameworks;
			sourceTree = "<group>";
		};
/* End PBXGroup section */

/* Begin PBXNativeTarget section */
		55954D4D24B1DC3400EB0BCF /* test11 */ = {
			isa = PBXNativeTarget;
			buildConfigurationList = 55954D7B24B1DC3900EB0BCF /* Build configuration list for PBXNativeTarget "test11" */;
			buildPhases = (
				55954D8924B1DD0C00EB0BCF /* ShellScript */,
				55954D4A24B1DC3400EB0BCF /* Sources */,
				55954D4B24B1DC3400EB0BCF /* Frameworks */,
				55954D4C24B1DC3400EB0BCF /* Resources */,
				55954D8824B1DC6B00EB0BCF /* Embed Frameworks */,
			);
			buildRules = (
			);
			dependencies = (
			);
			name = test11;
			productName = test11;
			productReference = 55954D4E24B1DC3400EB0BCF /* test11.app */;
			productType = "com.apple.product-type.application";
		};
		55954D6624B1DC3900EB0BCF /* test11Tests */ = {
			isa = PBXNativeTarget;
			buildConfigurationList = 55954D7E24B1DC3900EB0BCF /* Build configuration list for PBXNativeTarget "test11Tests" */;
			buildPhases = (
				55954D6324B1DC3900EB0BCF /* Sources */,
				55954D6424B1DC3900EB0BCF /* Frameworks */,
				55954D6524B1DC3900EB0BCF /* Resources */,
			);
			buildRules = (
			);
			dependencies = (
				55954D6924B1DC3900EB0BCF /* PBXTargetDependency */,
			);
			name = test11Tests;
			productName = test11Tests;
			productReference = 55954D6724B1DC3900EB0BCF /* test11Tests.xctest */;
			productType = "com.apple.product-type.bundle.unit-test";
		};
		55954D7124B1DC3900EB0BCF /* test11UITests */ = {
			isa = PBXNativeTarget;
			buildConfigurationList = 55954D8124B1DC3900EB0BCF /* Build configuration list for PBXNativeTarget "test11UITests" */;
			buildPhases = (
				55954D6E24B1DC3900EB0BCF /* Sources */,
				55954D6F24B1DC3900EB0BCF /* Frameworks */,
				55954D7024B1DC3900EB0BCF /* Resources */,
			);
			buildRules = (
			);
			dependencies = (
				55954D7424B1DC3900EB0BCF /* PBXTargetDependency */,
			);
			name = test11UITests;
			productName = test11UITests;
			productReference = 55954D7224B1DC3900EB0BCF /* test11UITests.xctest */;
			productType = "com.apple.product-type.bundle.ui-testing";
		};
/* End PBXNativeTarget section */

/* Begin PBXProject section */
		55954D4624B1DC3400EB0BCF /* Project object */ = {
			isa = PBXProject;
			attributes = {
				LastSwiftUpdateCheck = 1120;
				LastUpgradeCheck = 1120;
				ORGANIZATIONNAME = "hyun kim";
				TargetAttributes = {
					55954D4D24B1DC3400EB0BCF = {
						CreatedOnToolsVersion = 11.2;
					};
					55954D6624B1DC3900EB0BCF = {
						CreatedOnToolsVersion = 11.2;
						TestTargetID = 55954D4D24B1DC3400EB0BCF;
					};
					55954D7124B1DC3900EB0BCF = {
						CreatedOnToolsVersion = 11.2;
						TestTargetID = 55954D4D24B1DC3400EB0BCF;
					};
				};
			};
			buildConfigurationList = 55954D4924B1DC3400EB0BCF /* Build configuration list for PBXProject "test11" */;
			compatibilityVersion = "Xcode 9.3";
			developmentRegion = en;
			hasScannedForEncodings = 0;
			knownRegions = (
				en,
				Base,
			);
			mainGroup = 55954D4524B1DC3400EB0BCF;
			productRefGroup = 55954D4F24B1DC3400EB0BCF /* Products */;
			projectDirPath = "";
			projectRoot = "";
			targets = (
				55954D4D24B1DC3400EB0BCF /* test11 */,
				55954D6624B1DC3900EB0BCF /* test11Tests */,
				55954D7124B1DC3900EB0BCF /* test11UITests */,
			);
		};
/* End PBXProject section */

/* Begin PBXResourcesBuildPhase section */
		55954D4C24B1DC3400EB0BCF /* Resources */ = {
			isa = PBXResourcesBuildPhase;
			buildActionMask = 2147483647;
			files = (
				55954D6124B1DC3800EB0BCF /* LaunchScreen.storyboard in Resources */,
				55954D5E24B1DC3800EB0BCF /* Preview Assets.xcassets in Resources */,
				55954D5B24B1DC3800EB0BCF /* Assets.xcassets in Resources */,
			);
			runOnlyForDeploymentPostprocessing = 0;
		};
		55954D6524B1DC3900EB0BCF /* Resources */ = {
			isa = PBXResourcesBuildPhase;
			buildActionMask = 2147483647;
			files = (
			);
			runOnlyForDeploymentPostprocessing = 0;
		};
		55954D7024B1DC3900EB0BCF /* Resources */ = {
			isa = PBXResourcesBuildPhase;
			buildActionMask = 2147483647;
			files = (
			);
			runOnlyForDeploymentPostprocessing = 0;
		};
/* End PBXResourcesBuildPhase section */

/* Begin PBXShellScriptBuildPhase section */
		55954D8924B1DD0C00EB0BCF /* ShellScript */ = {
			isa = PBXShellScriptBuildPhase;
			buildActionMask = 2147483647;
			files = (
			);
			inputFileListPaths = (
			);
			inputPaths = (
			);
			outputFileListPaths = (
			);
			outputPaths = (
			);
			runOnlyForDeploymentPostprocessing = 0;
			shellPath = /bin/sh;
			shellScript = "# Type a script or drag a script file from your workspace to insert its path.\ncd \"$SRCROOT/../..\"\necho \"$SRCROOT\"\necho `pwd`\nif [ \"${CONFIGURATION}\" = \"Release\" ]; then\n    ./gradlew releaseFatFramework\nelse\n    ./gradlew debugFatFramework\nfi\n";
		};
/* End PBXShellScriptBuildPhase section */

/* Begin PBXSourcesBuildPhase section */
		55954D4A24B1DC3400EB0BCF /* Sources */ = {
			isa = PBXSourcesBuildPhase;
			buildActionMask = 2147483647;
			files = (
				55954D5224B1DC3400EB0BCF /* AppDelegate.swift in Sources */,
				55954D5724B1DC3400EB0BCF /* test11.xcdatamodeld in Sources */,
				55954D5924B1DC3400EB0BCF /* ContentView.swift in Sources */,
				55954D5424B1DC3400EB0BCF /* SceneDelegate.swift in Sources */,
			);
			runOnlyForDeploymentPostprocessing = 0;
		};
		55954D6324B1DC3900EB0BCF /* Sources */ = {
			isa = PBXSourcesBuildPhase;
			buildActionMask = 2147483647;
			files = (
				55954D6C24B1DC3900EB0BCF /* test11Tests.swift in Sources */,
			);
			runOnlyForDeploymentPostprocessing = 0;
		};
		55954D6E24B1DC3900EB0BCF /* Sources */ = {
			isa = PBXSourcesBuildPhase;
			buildActionMask = 2147483647;
			files = (
				55954D7724B1DC3900EB0BCF /* test11UITests.swift in Sources */,
			);
			runOnlyForDeploymentPostprocessing = 0;
		};
/* End PBXSourcesBuildPhase section */

/* Begin PBXTargetDependency section */
		55954D6924B1DC3900EB0BCF /* PBXTargetDependency */ = {
			isa = PBXTargetDependency;
			target = 55954D4D24B1DC3400EB0BCF /* test11 */;
			targetProxy = 55954D6824B1DC3900EB0BCF /* PBXContainerItemProxy */;
		};
		55954D7424B1DC3900EB0BCF /* PBXTargetDependency */ = {
			isa = PBXTargetDependency;
			target = 55954D4D24B1DC3400EB0BCF /* test11 */;
			targetProxy = 55954D7324B1DC3900EB0BCF /* PBXContainerItemProxy */;
		};
/* End PBXTargetDependency section */

/* Begin PBXVariantGroup section */
		55954D5F24B1DC3800EB0BCF /* LaunchScreen.storyboard */ = {
			isa = PBXVariantGroup;
			children = (
				55954D6024B1DC3800EB0BCF /* Base */,
			);
			name = LaunchScreen.storyboard;
			sourceTree = "<group>";
		};
/* End PBXVariantGroup section */

/* Begin XCBuildConfiguration section */
		55954D7924B1DC3900EB0BCF /* Debug */ = {
			isa = XCBuildConfiguration;
			buildSettings = {
				ALWAYS_SEARCH_USER_PATHS = NO;
				CLANG_ANALYZER_NONNULL = YES;
				CLANG_ANALYZER_NUMBER_OBJECT_CONVERSION = YES_AGGRESSIVE;
				CLANG_CXX_LANGUAGE_STANDARD = "gnu++14";
				CLANG_CXX_LIBRARY = "libc++";
				CLANG_ENABLE_MODULES = YES;
				CLANG_ENABLE_OBJC_ARC = YES;
				CLANG_ENABLE_OBJC_WEAK = YES;
				CLANG_WARN_BLOCK_CAPTURE_AUTORELEASING = YES;
				CLANG_WARN_BOOL_CONVERSION = YES;
				CLANG_WARN_COMMA = YES;
				CLANG_WARN_CONSTANT_CONVERSION = YES;
				CLANG_WARN_DEPRECATED_OBJC_IMPLEMENTATIONS = YES;
				CLANG_WARN_DIRECT_OBJC_ISA_USAGE = YES_ERROR;
				CLANG_WARN_DOCUMENTATION_COMMENTS = YES;
				CLANG_WARN_EMPTY_BODY = YES;
				CLANG_WARN_ENUM_CONVERSION = YES;
				CLANG_WARN_INFINITE_RECURSION = YES;
				CLANG_WARN_INT_CONVERSION = YES;
				CLANG_WARN_NON_LITERAL_NULL_CONVERSION = YES;
				CLANG_WARN_OBJC_IMPLICIT_RETAIN_SELF = YES;
				CLANG_WARN_OBJC_LITERAL_CONVERSION = YES;
				CLANG_WARN_OBJC_ROOT_CLASS = YES_ERROR;
				CLANG_WARN_RANGE_LOOP_ANALYSIS = YES;
				CLANG_WARN_STRICT_PROTOTYPES = YES;
				CLANG_WARN_SUSPICIOUS_MOVE = YES;
				CLANG_WARN_UNGUARDED_AVAILABILITY = YES_AGGRESSIVE;
				CLANG_WARN_UNREACHABLE_CODE = YES;
				CLANG_WARN__DUPLICATE_METHOD_MATCH = YES;
				COPY_PHASE_STRIP = NO;
				DEBUG_INFORMATION_FORMAT = dwarf;
				ENABLE_STRICT_OBJC_MSGSEND = YES;
				ENABLE_TESTABILITY = YES;
				GCC_C_LANGUAGE_STANDARD = gnu11;
				GCC_DYNAMIC_NO_PIC = NO;
				GCC_NO_COMMON_BLOCKS = YES;
				GCC_OPTIMIZATION_LEVEL = 0;
				GCC_PREPROCESSOR_DEFINITIONS = (
					"DEBUG=1",
					"$(inherited)",
				);
				GCC_WARN_64_TO_32_BIT_CONVERSION = YES;
				GCC_WARN_ABOUT_RETURN_TYPE = YES_ERROR;
				GCC_WARN_UNDECLARED_SELECTOR = YES;
				GCC_WARN_UNINITIALIZED_AUTOS = YES_AGGRESSIVE;
				GCC_WARN_UNUSED_FUNCTION = YES;
				GCC_WARN_UNUSED_VARIABLE = YES;
				IPHONEOS_DEPLOYMENT_TARGET = 13.2;
				MTL_ENABLE_DEBUG_INFO = INCLUDE_SOURCE;
				MTL_FAST_MATH = YES;
				ONLY_ACTIVE_ARCH = YES;
				SDKROOT = iphoneos;
				SWIFT_ACTIVE_COMPILATION_CONDITIONS = DEBUG;
				SWIFT_OPTIMIZATION_LEVEL = "-Onone";
			};
			name = Debug;
		};
		55954D7A24B1DC3900EB0BCF /* Release */ = {
			isa = XCBuildConfiguration;
			buildSettings = {
				ALWAYS_SEARCH_USER_PATHS = NO;
				CLANG_ANALYZER_NONNULL = YES;
				CLANG_ANALYZER_NUMBER_OBJECT_CONVERSION = YES_AGGRESSIVE;
				CLANG_CXX_LANGUAGE_STANDARD = "gnu++14";
				CLANG_CXX_LIBRARY = "libc++";
				CLANG_ENABLE_MODULES = YES;
				CLANG_ENABLE_OBJC_ARC = YES;
				CLANG_ENABLE_OBJC_WEAK = YES;
				CLANG_WARN_BLOCK_CAPTURE_AUTORELEASING = YES;
				CLANG_WARN_BOOL_CONVERSION = YES;
				CLANG_WARN_COMMA = YES;
				CLANG_WARN_CONSTANT_CONVERSION = YES;
				CLANG_WARN_DEPRECATED_OBJC_IMPLEMENTATIONS = YES;
				CLANG_WARN_DIRECT_OBJC_ISA_USAGE = YES_ERROR;
				CLANG_WARN_DOCUMENTATION_COMMENTS = YES;
				CLANG_WARN_EMPTY_BODY = YES;
				CLANG_WARN_ENUM_CONVERSION = YES;
				CLANG_WARN_INFINITE_RECURSION = YES;
				CLANG_WARN_INT_CONVERSION = YES;
				CLANG_WARN_NON_LITERAL_NULL_CONVERSION = YES;
				CLANG_WARN_OBJC_IMPLICIT_RETAIN_SELF = YES;
				CLANG_WARN_OBJC_LITERAL_CONVERSION = YES;
				CLANG_WARN_OBJC_ROOT_CLASS = YES_ERROR;
				CLANG_WARN_RANGE_LOOP_ANALYSIS = YES;
				CLANG_WARN_STRICT_PROTOTYPES = YES;
				CLANG_WARN_SUSPICIOUS_MOVE = YES;
				CLANG_WARN_UNGUARDED_AVAILABILITY = YES_AGGRESSIVE;
				CLANG_WARN_UNREACHABLE_CODE = YES;
				CLANG_WARN__DUPLICATE_METHOD_MATCH = YES;
				COPY_PHASE_STRIP = NO;
				DEBUG_INFORMATION_FORMAT = "dwarf-with-dsym";
				ENABLE_NS_ASSERTIONS = NO;
				ENABLE_STRICT_OBJC_MSGSEND = YES;
				GCC_C_LANGUAGE_STANDARD = gnu11;
				GCC_NO_COMMON_BLOCKS = YES;
				GCC_WARN_64_TO_32_BIT_CONVERSION = YES;
				GCC_WARN_ABOUT_RETURN_TYPE = YES_ERROR;
				GCC_WARN_UNDECLARED_SELECTOR = YES;
				GCC_WARN_UNINITIALIZED_AUTOS = YES_AGGRESSIVE;
				GCC_WARN_UNUSED_FUNCTION = YES;
				GCC_WARN_UNUSED_VARIABLE = YES;
				IPHONEOS_DEPLOYMENT_TARGET = 13.2;
				MTL_ENABLE_DEBUG_INFO = NO;
				MTL_FAST_MATH = YES;
				SDKROOT = iphoneos;
				SWIFT_COMPILATION_MODE = wholemodule;
				SWIFT_OPTIMIZATION_LEVEL = "-O";
				VALIDATE_PRODUCT = YES;
			};
			name = Release;
		};
		55954D7C24B1DC3900EB0BCF /* Debug */ = {
			isa = XCBuildConfiguration;
			buildSettings = {
				ASSETCATALOG_COMPILER_APPICON_NAME = AppIcon;
				CODE_SIGN_STYLE = Automatic;
				DEVELOPMENT_ASSET_PATHS = "\"test11/Preview Content\"";
				DEVELOPMENT_TEAM = GXBZ28WR2M;
				ENABLE_PREVIEWS = YES;
				FRAMEWORK_SEARCH_PATHS = "../../sample/build/fat-framework";
				INFOPLIST_FILE = test11/Info.plist;
				LD_RUNPATH_SEARCH_PATHS = (
					"$(inherited)",
					"@executable_path/Frameworks",
				);
				PRODUCT_BUNDLE_IDENTIFIER = kim.jeonghyeon.test11;
				PRODUCT_NAME = "$(TARGET_NAME)";
				SWIFT_VERSION = 5.0;
				TARGETED_DEVICE_FAMILY = "1,2";
			};
			name = Debug;
		};
		55954D7D24B1DC3900EB0BCF /* Release */ = {
			isa = XCBuildConfiguration;
			buildSettings = {
				ASSETCATALOG_COMPILER_APPICON_NAME = AppIcon;
				CODE_SIGN_STYLE = Automatic;
				DEVELOPMENT_ASSET_PATHS = "\"test11/Preview Content\"";
				DEVELOPMENT_TEAM = GXBZ28WR2M;
				ENABLE_PREVIEWS = YES;
				FRAMEWORK_SEARCH_PATHS = "../../sample/build/fat-framework";
				INFOPLIST_FILE = test11/Info.plist;
				LD_RUNPATH_SEARCH_PATHS = (
					"$(inherited)",
					"@executable_path/Frameworks",
				);
				PRODUCT_BUNDLE_IDENTIFIER = kim.jeonghyeon.test11;
				PRODUCT_NAME = "$(TARGET_NAME)";
				SWIFT_VERSION = 5.0;
				TARGETED_DEVICE_FAMILY = "1,2";
			};
			name = Release;
		};
		55954D7F24B1DC3900EB0BCF /* Debug */ = {
			isa = XCBuildConfiguration;
			buildSettings = {
				ALWAYS_EMBED_SWIFT_STANDARD_LIBRARIES = YES;
				BUNDLE_LOADER = "$(TEST_HOST)";
				CODE_SIGN_STYLE = Automatic;
				DEVELOPMENT_TEAM = GXBZ28WR2M;
				INFOPLIST_FILE = test11Tests/Info.plist;
				IPHONEOS_DEPLOYMENT_TARGET = 13.2;
				LD_RUNPATH_SEARCH_PATHS = (
					"$(inherited)",
					"@executable_path/Frameworks",
					"@loader_path/Frameworks",
				);
				PRODUCT_BUNDLE_IDENTIFIER = kim.jeonghyeon.test11Tests;
				PRODUCT_NAME = "$(TARGET_NAME)";
				SWIFT_VERSION = 5.0;
				TARGETED_DEVICE_FAMILY = "1,2";
				TEST_HOST = "$(BUILT_PRODUCTS_DIR)/test11.app/test11";
			};
			name = Debug;
		};
		55954D8024B1DC3900EB0BCF /* Release */ = {
			isa = XCBuildConfiguration;
			buildSettings = {
				ALWAYS_EMBED_SWIFT_STANDARD_LIBRARIES = YES;
				BUNDLE_LOADER = "$(TEST_HOST)";
				CODE_SIGN_STYLE = Automatic;
				DEVELOPMENT_TEAM = GXBZ28WR2M;
				INFOPLIST_FILE = test11Tests/Info.plist;
				IPHONEOS_DEPLOYMENT_TARGET = 13.2;
				LD_RUNPATH_SEARCH_PATHS = (
					"$(inherited)",
					"@executable_path/Frameworks",
					"@loader_path/Frameworks",
				);
				PRODUCT_BUNDLE_IDENTIFIER = kim.jeonghyeon.test11Tests;
				PRODUCT_NAME = "$(TARGET_NAME)";
				SWIFT_VERSION = 5.0;
				TARGETED_DEVICE_FAMILY = "1,2";
				TEST_HOST = "$(BUILT_PRODUCTS_DIR)/test11.app/test11";
			};
			name = Release;
		};
		55954D8224B1DC3900EB0BCF /* Debug */ = {
			isa = XCBuildConfiguration;
			buildSettings = {
				ALWAYS_EMBED_SWIFT_STANDARD_LIBRARIES = YES;
				CODE_SIGN_STYLE = Automatic;
				DEVELOPMENT_TEAM = GXBZ28WR2M;
				INFOPLIST_FILE = test11UITests/Info.plist;
				LD_RUNPATH_SEARCH_PATHS = (
					"$(inherited)",
					"@executable_path/Frameworks",
					"@loader_path/Frameworks",
				);
				PRODUCT_BUNDLE_IDENTIFIER = kim.jeonghyeon.test11UITests;
				PRODUCT_NAME = "$(TARGET_NAME)";
				SWIFT_VERSION = 5.0;
				TARGETED_DEVICE_FAMILY = "1,2";
				TEST_TARGET_NAME = test11;
			};
			name = Debug;
		};
		55954D8324B1DC3900EB0BCF /* Release */ = {
			isa = XCBuildConfiguration;
			buildSettings = {
				ALWAYS_EMBED_SWIFT_STANDARD_LIBRARIES = YES;
				CODE_SIGN_STYLE = Automatic;
				DEVELOPMENT_TEAM = GXBZ28WR2M;
				INFOPLIST_FILE = test11UITests/Info.plist;
				LD_RUNPATH_SEARCH_PATHS = (
					"$(inherited)",
					"@executable_path/Frameworks",
					"@loader_path/Frameworks",
				);
				PRODUCT_BUNDLE_IDENTIFIER = kim.jeonghyeon.test11UITests;
				PRODUCT_NAME = "$(TARGET_NAME)";
				SWIFT_VERSION = 5.0;
				TARGETED_DEVICE_FAMILY = "1,2";
				TEST_TARGET_NAME = test11;
			};
			name = Release;
		};
/* End XCBuildConfiguration section */

/* Begin XCConfigurationList section */
		55954D4924B1DC3400EB0BCF /* Build configuration list for PBXProject "test11" */ = {
			isa = XCConfigurationList;
			buildConfigurations = (
				55954D7924B1DC3900EB0BCF /* Debug */,
				55954D7A24B1DC3900EB0BCF /* Release */,
			);
			defaultConfigurationIsVisible = 0;
			defaultConfigurationName = Release;
		};
		55954D7B24B1DC3900EB0BCF /* Build configuration list for PBXNativeTarget "test11" */ = {
			isa = XCConfigurationList;
			buildConfigurations = (
				55954D7C24B1DC3900EB0BCF /* Debug */,
				55954D7D24B1DC3900EB0BCF /* Release */,
			);
			defaultConfigurationIsVisible = 0;
			defaultConfigurationName = Release;
		};
		55954D7E24B1DC3900EB0BCF /* Build configuration list for PBXNativeTarget "test11Tests" */ = {
			isa = XCConfigurationList;
			buildConfigurations = (
				55954D7F24B1DC3900EB0BCF /* Debug */,
				55954D8024B1DC3900EB0BCF /* Release */,
			);
			defaultConfigurationIsVisible = 0;
			defaultConfigurationName = Release;
		};
		55954D8124B1DC3900EB0BCF /* Build configuration list for PBXNativeTarget "test11UITests" */ = {
			isa = XCConfigurationList;
			buildConfigurations = (
				55954D8224B1DC3900EB0BCF /* Debug */,
				55954D8324B1DC3900EB0BCF /* Release */,
			);
			defaultConfigurationIsVisible = 0;
			defaultConfigurationName = Release;
		};
/* End XCConfigurationList section */

/* Begin XCVersionGroup section */
		55954D5524B1DC3400EB0BCF /* test11.xcdatamodeld */ = {
			isa = XCVersionGroup;
			children = (
				55954D5624B1DC3400EB0BCF /* test11.xcdatamodel */,
			);
			currentVersion = 55954D5624B1DC3400EB0BCF /* test11.xcdatamodel */;
			path = test11.xcdatamodeld;
			sourceTree = "<group>";
			versionGroupType = wrapper.xcdatamodel;
		};
/* End XCVersionGroup section */
	};
	rootObject = 55954D4624B1DC3400EB0BCF /* Project object */;
}
